{
  "name": "app-root",
  "version": "0.0.1",
  "lockfileVersion": 3,
  "requires": true,
  "packages": {
    "": {
      "name": "app-root",
      "version": "0.0.1",
      "dependencies": {
        "@trpc/server": "^10.29.1"
      }
    },
    "node_modules/@trpc/server": {
      "version": "10.29.1",
      "resolved": "https://registry.npmjs.org/@trpc/server/-/server-10.29.1.tgz",
      "integrity": "sha512-kNXgMh5ya+awuz2tB4eIyVrRs7nVtqGXwSGabzH3l5ZLWz7rbKJquOJ7h6bjvIfWUpaFG62HJNWxxGUtXCRgRw==",
      "funding": [
        "https://trpc.io/sponsor"
      ]
    }
  }
}
